
Microsoft Visual Studio Solution File, Format Version 12.00
# Visual Studio Version 16
VisualStudioVersion = 16.0.30309.148
MinimumVisualStudioVersion = 10.0.40219.1
Project("{FAE04EC0-301F-11D3-BF4B-00C04F79EFBC}") = "simple_job", "simple_job\simple_job.csproj", "{7F890745-AC0E-40F3-946B-12B60730B28B}"
EndProject
Global
	GlobalSection(SolutionConfigurationPlatforms) = preSolution
		Debug|Any CPU = Debug|Any CPU
		Release|Any CPU = Release|Any CPU
	EndGlobalSection
	GlobalSection(ProjectConfigurationPlatforms) = postSolution
		{7F890745-AC0E-40F3-946B-12B60730B28B}.Debug|Any CPU.ActiveCfg = Debug|Any CPU
		{7F890745-AC0E-40F3-946B-12B60730B28B}.Debug|Any CPU.Build.0 = Debug|Any CPU
		{7F890745-AC0E-40F3-946B-12B60730B28B}.Release|Any CPU.ActiveCfg = Release|Any CPU
		{7F890745-AC0E-40F3-946B-12B60730B28B}.Release|Any CPU.Build.0 = Release|Any CPU
	EndGlobalSection
	GlobalSection(SolutionProperties) = preSolution
		HideSolutionNode = FALSE
	EndGlobalSection
	GlobalSection(ExtensibilityGlobals) = postSolution
		SolutionGuid = {560D268B-23F6-408C-8DF8-7DDF08054B2C}
	EndGlobalSection
EndGlobal
